
Microsoft Visual Studio Solution File, Format Version 12.00
# Visual Studio 15
VisualStudioVersion = 15.0.28010.2026
MinimumVisualStudioVersion = 10.0.40219.1
Project("{FAE04EC0-301F-11D3-BF4B-00C04F79EFBC}") = "2D-Arrays", "2D-Arrays\2D-Arrays.csproj", "{77DF0B67-E0B0-45F3-8124-1C81ECE1D209}"
EndProject
Global
	GlobalSection(SolutionConfigurationPlatforms) = preSolution
		Debug|Any CPU = Debug|Any CPU
		Release|Any CPU = Release|Any CPU
	EndGlobalSection
	GlobalSection(ProjectConfigurationPlatforms) = postSolution
		{77DF0B67-E0B0-45F3-8124-1C81ECE1D209}.Debug|Any CPU.ActiveCfg = Debug|Any CPU
		{77DF0B67-E0B0-45F3-8124-1C81ECE1D209}.Debug|Any CPU.Build.0 = Debug|Any CPU
		{77DF0B67-E0B0-45F3-8124-1C81ECE1D209}.Release|Any CPU.ActiveCfg = Release|Any CPU
		{77DF0B67-E0B0-45F3-8124-1C81ECE1D209}.Release|Any CPU.Build.0 = Release|Any CPU
	EndGlobalSection
	GlobalSection(SolutionProperties) = preSolution
		HideSolutionNode = FALSE
	EndGlobalSection
	GlobalSection(ExtensibilityGlobals) = postSolution
		SolutionGuid = {63F6FDB3-4695-4DF1-A875-605A7AFD1087}
	EndGlobalSection
EndGlobal
